
Microsoft Visual Studio Solution File, Format Version 12.00
# Visual Studio Version 16
VisualStudioVersion = 16.0.34031.81
MinimumVisualStudioVersion = 10.0.40219.1
Project("{2150E333-8FDC-42A3-9474-1A3956D46DE8}") = "Task0", "Task0", "{11A42EB7-2E62-4F93-BFB0-9913F00F6CAD}"
EndProject
Project("{FAE04EC0-301F-11D3-BF4B-00C04F79EFBC}") = "Tyuiu.FaizullinDR.Sprint4.Task0.V6", "Tyuiu.FaizullinDR.Sprint4.Task0.V6\Tyuiu.FaizullinDR.Sprint4.Task0.V6.csproj", "{04ACE3BB-E836-437F-AA26-4C522DD6E6A9}"
EndProject
Project("{FAE04EC0-301F-11D3-BF4B-00C04F79EFBC}") = "Tyuiu.FaizullinDR.Sprint4.Task0.V6.Lib", "Tyuiu.FaizullinDR.Sprint4.Task0.V6.Lib\Tyuiu.FaizullinDR.Sprint4.Task0.V6.Lib.csproj", "{B086E0A7-2BBA-45C1-AB95-32822AEB1892}"
EndProject
Project("{FAE04EC0-301F-11D3-BF4B-00C04F79EFBC}") = "Tyuiu.FaizullinDR.Sprint4.Task0.V6.Test", "Tyuiu.FaizullinDR.Sprint4.Task0.V6.Test\Tyuiu.FaizullinDR.Sprint4.Task0.V6.Test.csproj", "{CDFE24BD-5D6E-4F3E-9344-79D2953B0F8B}"
EndProject
Project("{2150E333-8FDC-42A3-9474-1A3956D46DE8}") = "Task1", "Task1", "{7ECFEA4A-4CB7-4D40-B9E4-BECDC3F67C69}"
EndProject
Project("{FAE04EC0-301F-11D3-BF4B-00C04F79EFBC}") = "Tyuiu.FaizullinDR.Sprint4.Task1.V1", "Tyuiu.FaizullinDR.Sprint4.Task1.V1\Tyuiu.FaizullinDR.Sprint4.Task1.V1.csproj", "{F4613F5E-0E50-4C88-A130-8F60A8A9956F}"
EndProject
Project("{FAE04EC0-301F-11D3-BF4B-00C04F79EFBC}") = "Tyuiu.FaizullinDR.Sprint4.Task1.V1.Lib", "Tyuiu.FaizullinDR.Sprint4.Task1.V1.Lib\Tyuiu.FaizullinDR.Sprint4.Task1.V1.Lib.csproj", "{A72E2C28-D6F1-4223-BD61-74252ACA8D49}"
EndProject
Project("{FAE04EC0-301F-11D3-BF4B-00C04F79EFBC}") = "Tyuiu.FaizullinDR.Sprint4.Task1.V1.Test", "Tyuiu.FaizullinDR.Sprint4.Task1.V1.Test\Tyuiu.FaizullinDR.Sprint4.Task1.V1.Test.csproj", "{9CA09596-A6DE-43AA-8BD7-BF9198B91BF4}"
EndProject
Project("{2150E333-8FDC-42A3-9474-1A3956D46DE8}") = "Task2", "Task2", "{6FC19130-3EA9-4652-BFD4-A7050B92E27E}"
EndProject
Project("{FAE04EC0-301F-11D3-BF4B-00C04F79EFBC}") = "Tyuiu.FaizullinDR.Sprint4.Task2.V27", "Tyuiu.FaizullinDR.Sprint4.Task2.V27\Tyuiu.FaizullinDR.Sprint4.Task2.V27.csproj", "{B9BEFDF0-C8C5-4729-AC76-2B2F24284678}"
EndProject
Project("{FAE04EC0-301F-11D3-BF4B-00C04F79EFBC}") = "Tyuiu.FaizullinDR.Sprint4.Task2.V27.Lib", "Tyuiu.FaizullinDR.Sprint4.Task2.V27.Lib\Tyuiu.FaizullinDR.Sprint4.Task2.V27.Lib.csproj", "{7933B861-14EE-4C7A-8AA1-BBFDD39AC86F}"
EndProject
Project("{FAE04EC0-301F-11D3-BF4B-00C04F79EFBC}") = "Tyuiu.FaizullinDR.Sprint4.Task2.V27.Test", "Tyuiu.FaizullinDR.Sprint4.Task2.V27.Test\Tyuiu.FaizullinDR.Sprint4.Task2.V27.Test.csproj", "{577C4A18-FD12-4E7B-A27B-22A4ECF0DD42}"
EndProject
Project("{2150E333-8FDC-42A3-9474-1A3956D46DE8}") = "Task3", "Task3", "{4E890A02-26AD-4491-8AB4-650FC7DAC387}"
EndProject
Project("{FAE04EC0-301F-11D3-BF4B-00C04F79EFBC}") = "Tyuiu.FaizullinDR.Sprint4.Task3.V30", "Tyuiu.FaizullinDR.Sprint4.Task3.V30\Tyuiu.FaizullinDR.Sprint4.Task3.V30.csproj", "{02F616C7-2905-44AC-B099-AD59FF65438F}"
EndProject
Project("{FAE04EC0-301F-11D3-BF4B-00C04F79EFBC}") = "Tyuiu.FaizullinDR.Sprint4.Task3.V30.Lib", "Tyuiu.FaizullinDR.Sprint4.Task3.V30.Lib\Tyuiu.FaizullinDR.Sprint4.Task3.V30.Lib.csproj", "{6EE6E665-1613-428E-994A-B587033267B8}"
EndProject
Project("{FAE04EC0-301F-11D3-BF4B-00C04F79EFBC}") = "Tyuiu.FaizullinDR.Sprint4.Task3.V30.Test", "Tyuiu.FaizullinDR.Sprint4.Task3.V30.Test\Tyuiu.FaizullinDR.Sprint4.Task3.V30.Test.csproj", "{A6388128-8C38-4999-BA83-A1C2A0B5DFCD}"
EndProject
Project("{2150E333-8FDC-42A3-9474-1A3956D46DE8}") = "Task4", "Task4", "{D9470FFD-14EC-4AED-AA0C-94876A8AB1A8}"
EndProject
Project("{FAE04EC0-301F-11D3-BF4B-00C04F79EFBC}") = "Tyuiu.FaizullinDR.Sprint4.Task4.V16", "Tyuiu.FaizullinDR.Sprint4.Task4.V16\Tyuiu.FaizullinDR.Sprint4.Task4.V16.csproj", "{FC819446-07D4-4522-91B1-F1CE79BC3432}"
EndProject
Project("{FAE04EC0-301F-11D3-BF4B-00C04F79EFBC}") = "Tyuiu.FaizullinDR.Sprint4.Task4.V16.Lib", "Tyuiu.FaizullinDR.Sprint4.Task4.V16.Lib\Tyuiu.FaizullinDR.Sprint4.Task4.V16.Lib.csproj", "{84E513C0-6F61-4D3F-B9AD-2A19FC570DA7}"
EndProject
Project("{FAE04EC0-301F-11D3-BF4B-00C04F79EFBC}") = "Tyuiu.FaizullinDR.Sprint4.Task4.V16.Test", "Tyuiu.FaizullinDR.Sprint4.Task4.V16.Test\Tyuiu.FaizullinDR.Sprint4.Task4.V16.Test.csproj", "{7AFDC505-E3F4-4ECD-8774-8F725E6DBED2}"
EndProject
Project("{2150E333-8FDC-42A3-9474-1A3956D46DE8}") = "Task5", "Task5", "{5F7B364A-0C97-40AA-9AFA-C77F9B051A09}"
EndProject
Project("{FAE04EC0-301F-11D3-BF4B-00C04F79EFBC}") = "Tyuiu.FaizullinDR.Sprint4.Task5.V30", "Tyuiu.FaizullinDR.Sprint4.Task5.V30\Tyuiu.FaizullinDR.Sprint4.Task5.V30.csproj", "{1FD75C7D-6C4F-4F95-91A6-A34A0CFC628B}"
EndProject
Project("{FAE04EC0-301F-11D3-BF4B-00C04F79EFBC}") = "Tyuiu.FaizullinDR.Sprint4.Task5.V30.Lib", "Tyuiu.FaizullinDR.Sprint4.Task5.V30.Lib\Tyuiu.FaizullinDR.Sprint4.Task5.V30.Lib.csproj", "{22CB42F1-223D-4583-BCE3-72CDADE2AD55}"
EndProject
Project("{FAE04EC0-301F-11D3-BF4B-00C04F79EFBC}") = "Tyuiu.FaizullinDR.Sprint4.Task5.V30.Test", "Tyuiu.FaizullinDR.Sprint4.Task5.V30.Test\Tyuiu.FaizullinDR.Sprint4.Task5.V30.Test.csproj", "{1935B66A-3B18-4FCE-9DD3-96C2BB9C1B83}"
EndProject
Global
	GlobalSection(SolutionConfigurationPlatforms) = preSolution
		Debug|Any CPU = Debug|Any CPU
		Release|Any CPU = Release|Any CPU
	EndGlobalSection
	GlobalSection(ProjectConfigurationPlatforms) = postSolution
		{04ACE3BB-E836-437F-AA26-4C522DD6E6A9}.Debug|Any CPU.ActiveCfg = Debug|Any CPU
		{04ACE3BB-E836-437F-AA26-4C522DD6E6A9}.Debug|Any CPU.Build.0 = Debug|Any CPU
		{04ACE3BB-E836-437F-AA26-4C522DD6E6A9}.Release|Any CPU.ActiveCfg = Release|Any CPU
		{04ACE3BB-E836-437F-AA26-4C522DD6E6A9}.Release|Any CPU.Build.0 = Release|Any CPU
		{B086E0A7-2BBA-45C1-AB95-32822AEB1892}.Debug|Any CPU.ActiveCfg = Debug|Any CPU
		{B086E0A7-2BBA-45C1-AB95-32822AEB1892}.Debug|Any CPU.Build.0 = Debug|Any CPU
		{B086E0A7-2BBA-45C1-AB95-32822AEB1892}.Release|Any CPU.ActiveCfg = Release|Any CPU
		{B086E0A7-2BBA-45C1-AB95-32822AEB1892}.Release|Any CPU.Build.0 = Release|Any CPU
		{CDFE24BD-5D6E-4F3E-9344-79D2953B0F8B}.Debug|Any CPU.ActiveCfg = Debug|Any CPU
		{CDFE24BD-5D6E-4F3E-9344-79D2953B0F8B}.Debug|Any CPU.Build.0 = Debug|Any CPU
		{CDFE24BD-5D6E-4F3E-9344-79D2953B0F8B}.Release|Any CPU.ActiveCfg = Release|Any CPU
		{CDFE24BD-5D6E-4F3E-9344-79D2953B0F8B}.Release|Any CPU.Build.0 = Release|Any CPU
		{F4613F5E-0E50-4C88-A130-8F60A8A9956F}.Debug|Any CPU.ActiveCfg = Debug|Any CPU
		{F4613F5E-0E50-4C88-A130-8F60A8A9956F}.Debug|Any CPU.Build.0 = Debug|Any CPU
		{F4613F5E-0E50-4C88-A130-8F60A8A9956F}.Release|Any CPU.ActiveCfg = Release|Any CPU
		{F4613F5E-0E50-4C88-A130-8F60A8A9956F}.Release|Any CPU.Build.0 = Release|Any CPU
		{A72E2C28-D6F1-4223-BD61-74252ACA8D49}.Debug|Any CPU.ActiveCfg = Debug|Any CPU
		{A72E2C28-D6F1-4223-BD61-74252ACA8D49}.Debug|Any CPU.Build.0 = Debug|Any CPU
		{A72E2C28-D6F1-4223-BD61-74252ACA8D49}.Release|Any CPU.ActiveCfg = Release|Any CPU
		{A72E2C28-D6F1-4223-BD61-74252ACA8D49}.Release|Any CPU.Build.0 = Release|Any CPU
		{9CA09596-A6DE-43AA-8BD7-BF9198B91BF4}.Debug|Any CPU.ActiveCfg = Debug|Any CPU
		{9CA09596-A6DE-43AA-8BD7-BF9198B91BF4}.Debug|Any CPU.Build.0 = Debug|Any CPU
		{9CA09596-A6DE-43AA-8BD7-BF9198B91BF4}.Release|Any CPU.ActiveCfg = Release|Any CPU
		{9CA09596-A6DE-43AA-8BD7-BF9198B91BF4}.Release|Any CPU.Build.0 = Release|Any CPU
		{B9BEFDF0-C8C5-4729-AC76-2B2F24284678}.Debug|Any CPU.ActiveCfg = Debug|Any CPU
		{B9BEFDF0-C8C5-4729-AC76-2B2F24284678}.Debug|Any CPU.Build.0 = Debug|Any CPU
		{B9BEFDF0-C8C5-4729-AC76-2B2F24284678}.Release|Any CPU.ActiveCfg = Release|Any CPU
		{B9BEFDF0-C8C5-4729-AC76-2B2F24284678}.Release|Any CPU.Build.0 = Release|Any CPU
		{7933B861-14EE-4C7A-8AA1-BBFDD39AC86F}.Debug|Any CPU.ActiveCfg = Debug|Any CPU
		{7933B861-14EE-4C7A-8AA1-BBFDD39AC86F}.Debug|Any CPU.Build.0 = Debug|Any CPU
		{7933B861-14EE-4C7A-8AA1-BBFDD39AC86F}.Release|Any CPU.ActiveCfg = Release|Any CPU
		{7933B861-14EE-4C7A-8AA1-BBFDD39AC86F}.Release|Any CPU.Build.0 = Release|Any CPU
		{577C4A18-FD12-4E7B-A27B-22A4ECF0DD42}.Debug|Any CPU.ActiveCfg = Debug|Any CPU
		{577C4A18-FD12-4E7B-A27B-22A4ECF0DD42}.Debug|Any CPU.Build.0 = Debug|Any CPU
		{577C4A18-FD12-4E7B-A27B-22A4ECF0DD42}.Release|Any CPU.ActiveCfg = Release|Any CPU
		{577C4A18-FD12-4E7B-A27B-22A4ECF0DD42}.Release|Any CPU.Build.0 = Release|Any CPU
		{02F616C7-2905-44AC-B099-AD59FF65438F}.Debug|Any CPU.ActiveCfg = Debug|Any CPU
		{02F616C7-2905-44AC-B099-AD59FF65438F}.Debug|Any CPU.Build.0 = Debug|Any CPU
		{02F616C7-2905-44AC-B099-AD59FF65438F}.Release|Any CPU.ActiveCfg = Release|Any CPU
		{02F616C7-2905-44AC-B099-AD59FF65438F}.Release|Any CPU.Build.0 = Release|Any CPU
		{6EE6E665-1613-428E-994A-B587033267B8}.Debug|Any CPU.ActiveCfg = Debug|Any CPU
		{6EE6E665-1613-428E-994A-B587033267B8}.Debug|Any CPU.Build.0 = Debug|Any CPU
		{6EE6E665-1613-428E-994A-B587033267B8}.Release|Any CPU.ActiveCfg = Release|Any CPU
		{6EE6E665-1613-428E-994A-B587033267B8}.Release|Any CPU.Build.0 = Release|Any CPU
		{A6388128-8C38-4999-BA83-A1C2A0B5DFCD}.Debug|Any CPU.ActiveCfg = Debug|Any CPU
		{A6388128-8C38-4999-BA83-A1C2A0B5DFCD}.Debug|Any CPU.Build.0 = Debug|Any CPU
		{A6388128-8C38-4999-BA83-A1C2A0B5DFCD}.Release|Any CPU.ActiveCfg = Release|Any CPU
		{A6388128-8C38-4999-BA83-A1C2A0B5DFCD}.Release|Any CPU.Build.0 = Release|Any CPU
		{FC819446-07D4-4522-91B1-F1CE79BC3432}.Debug|Any CPU.ActiveCfg = Debug|Any CPU
		{FC819446-07D4-4522-91B1-F1CE79BC3432}.Debug|Any CPU.Build.0 = Debug|Any CPU
		{FC819446-07D4-4522-91B1-F1CE79BC3432}.Release|Any CPU.ActiveCfg = Release|Any CPU
		{FC819446-07D4-4522-91B1-F1CE79BC3432}.Release|Any CPU.Build.0 = Release|Any CPU
		{84E513C0-6F61-4D3F-B9AD-2A19FC570DA7}.Debug|Any CPU.ActiveCfg = Debug|Any CPU
		{84E513C0-6F61-4D3F-B9AD-2A19FC570DA7}.Debug|Any CPU.Build.0 = Debug|Any CPU
		{84E513C0-6F61-4D3F-B9AD-2A19FC570DA7}.Release|Any CPU.ActiveCfg = Release|Any CPU
		{84E513C0-6F61-4D3F-B9AD-2A19FC570DA7}.Release|Any CPU.Build.0 = Release|Any CPU
		{7AFDC505-E3F4-4ECD-8774-8F725E6DBED2}.Debug|Any CPU.ActiveCfg = Debug|Any CPU
		{7AFDC505-E3F4-4ECD-8774-8F725E6DBED2}.Debug|Any CPU.Build.0 = Debug|Any CPU
		{7AFDC505-E3F4-4ECD-8774-8F725E6DBED2}.Release|Any CPU.ActiveCfg = Release|Any CPU
		{7AFDC505-E3F4-4ECD-8774-8F725E6DBED2}.Release|Any CPU.Build.0 = Release|Any CPU
		{1FD75C7D-6C4F-4F95-91A6-A34A0CFC628B}.Debug|Any CPU.ActiveCfg = Debug|Any CPU
		{1FD75C7D-6C4F-4F95-91A6-A34A0CFC628B}.Debug|Any CPU.Build.0 = Debug|Any CPU
		{1FD75C7D-6C4F-4F95-91A6-A34A0CFC628B}.Release|Any CPU.ActiveCfg = Release|Any CPU
		{1FD75C7D-6C4F-4F95-91A6-A34A0CFC628B}.Release|Any CPU.Build.0 = Release|Any CPU
		{22CB42F1-223D-4583-BCE3-72CDADE2AD55}.Debug|Any CPU.ActiveCfg = Debug|Any CPU
		{22CB42F1-223D-4583-BCE3-72CDADE2AD55}.Debug|Any CPU.Build.0 = Debug|Any CPU
		{22CB42F1-223D-4583-BCE3-72CDADE2AD55}.Release|Any CPU.ActiveCfg = Release|Any CPU
		{22CB42F1-223D-4583-BCE3-72CDADE2AD55}.Release|Any CPU.Build.0 = Release|Any CPU
		{1935B66A-3B18-4FCE-9DD3-96C2BB9C1B83}.Debug|Any CPU.ActiveCfg = Debug|Any CPU
		{1935B66A-3B18-4FCE-9DD3-96C2BB9C1B83}.Debug|Any CPU.Build.0 = Debug|Any CPU
		{1935B66A-3B18-4FCE-9DD3-96C2BB9C1B83}.Release|Any CPU.ActiveCfg = Release|Any CPU
		{1935B66A-3B18-4FCE-9DD3-96C2BB9C1B83}.Release|Any CPU.Build.0 = Release|Any CPU
	EndGlobalSection
	GlobalSection(SolutionProperties) = preSolution
		HideSolutionNode = FALSE
	EndGlobalSection
	GlobalSection(NestedProjects) = preSolution
		{04ACE3BB-E836-437F-AA26-4C522DD6E6A9} = {11A42EB7-2E62-4F93-BFB0-9913F00F6CAD}
		{B086E0A7-2BBA-45C1-AB95-32822AEB1892} = {11A42EB7-2E62-4F93-BFB0-9913F00F6CAD}
		{CDFE24BD-5D6E-4F3E-9344-79D2953B0F8B} = {11A42EB7-2E62-4F93-BFB0-9913F00F6CAD}
		{F4613F5E-0E50-4C88-A130-8F60A8A9956F} = {7ECFEA4A-4CB7-4D40-B9E4-BECDC3F67C69}
		{A72E2C28-D6F1-4223-BD61-74252ACA8D49} = {7ECFEA4A-4CB7-4D40-B9E4-BECDC3F67C69}
		{9CA09596-A6DE-43AA-8BD7-BF9198B91BF4} = {7ECFEA4A-4CB7-4D40-B9E4-BECDC3F67C69}
		{B9BEFDF0-C8C5-4729-AC76-2B2F24284678} = {6FC19130-3EA9-4652-BFD4-A7050B92E27E}
		{7933B861-14EE-4C7A-8AA1-BBFDD39AC86F} = {6FC19130-3EA9-4652-BFD4-A7050B92E27E}
		{577C4A18-FD12-4E7B-A27B-22A4ECF0DD42} = {6FC19130-3EA9-4652-BFD4-A7050B92E27E}
		{02F616C7-2905-44AC-B099-AD59FF65438F} = {4E890A02-26AD-4491-8AB4-650FC7DAC387}
		{6EE6E665-1613-428E-994A-B587033267B8} = {4E890A02-26AD-4491-8AB4-650FC7DAC387}
		{A6388128-8C38-4999-BA83-A1C2A0B5DFCD} = {4E890A02-26AD-4491-8AB4-650FC7DAC387}
		{FC819446-07D4-4522-91B1-F1CE79BC3432} = {D9470FFD-14EC-4AED-AA0C-94876A8AB1A8}
		{84E513C0-6F61-4D3F-B9AD-2A19FC570DA7} = {D9470FFD-14EC-4AED-AA0C-94876A8AB1A8}
		{7AFDC505-E3F4-4ECD-8774-8F725E6DBED2} = {D9470FFD-14EC-4AED-AA0C-94876A8AB1A8}
		{1FD75C7D-6C4F-4F95-91A6-A34A0CFC628B} = {5F7B364A-0C97-40AA-9AFA-C77F9B051A09}
		{22CB42F1-223D-4583-BCE3-72CDADE2AD55} = {5F7B364A-0C97-40AA-9AFA-C77F9B051A09}
		{1935B66A-3B18-4FCE-9DD3-96C2BB9C1B83} = {5F7B364A-0C97-40AA-9AFA-C77F9B051A09}
	EndGlobalSection
	GlobalSection(ExtensibilityGlobals) = postSolution
		SolutionGuid = {266BFF33-D843-4B21-8C46-1A6432C639C8}
	EndGlobalSection
EndGlobal
